
Microsoft Visual Studio Solution File, Format Version 12.00
# Visual Studio 2012
Project("{8BC9CEB8-8B4A-11D0-8D11-00A0C91BC942}") = "common", "common\common.vcxproj", "{0C639590-DE81-4AB4-AA71-6CE6CAB424E4}"
EndProject
Project("{8BC9CEB8-8B4A-11D0-8D11-00A0C91BC942}") = "grouphash", "grouping\grouping.vcxproj", "{E6C145F2-A57F-48D4-8B34-EA8166B984F8}"
	ProjectSection(ProjectDependencies) = postProject
		{F6606B01-EE46-44B3-B199-A8A58B004BD9} = {F6606B01-EE46-44B3-B199-A8A58B004BD9}
	EndProjectSection
EndProject
Project("{8BC9CEB8-8B4A-11D0-8D11-00A0C91BC942}") = "compilernewTest", "compilernewTest\compilernewTest.vcxproj", "{46B05E98-FC07-4C2A-A5D1-0E80CFFFC04A}"
	ProjectSection(ProjectDependencies) = postProject
		{F6606B01-EE46-44B3-B199-A8A58B004BD9} = {F6606B01-EE46-44B3-B199-A8A58B004BD9}
	EndProjectSection
EndProject
Project("{8BC9CEB8-8B4A-11D0-8D11-00A0C91BC942}") = "groupingTest", "groupingTest\groupingTest.vcxproj", "{4C67E265-13A7-4F96-BBBC-B885E0DE6576}"
	ProjectSection(ProjectDependencies) = postProject
		{F6606B01-EE46-44B3-B199-A8A58B004BD9} = {F6606B01-EE46-44B3-B199-A8A58B004BD9}
		{E6C145F2-A57F-48D4-8B34-EA8166B984F8} = {E6C145F2-A57F-48D4-8B34-EA8166B984F8}
	EndProjectSection
EndProject
Project("{8BC9CEB8-8B4A-11D0-8D11-00A0C91BC942}") = "MatchPacket", "MatchPacket\MatchPacket.vcxproj", "{F9E57E55-B880-46AA-AB2F-9AA68DC71214}"
	ProjectSection(ProjectDependencies) = postProject
		{F6606B01-EE46-44B3-B199-A8A58B004BD9} = {F6606B01-EE46-44B3-B199-A8A58B004BD9}
		{673B9C32-B6AA-4451-80DE-93DF369B64DC} = {673B9C32-B6AA-4451-80DE-93DF369B64DC}
		{0C639590-DE81-4AB4-AA71-6CE6CAB424E4} = {0C639590-DE81-4AB4-AA71-6CE6CAB424E4}
		{E6C145F2-A57F-48D4-8B34-EA8166B984F8} = {E6C145F2-A57F-48D4-8B34-EA8166B984F8}
	EndProjectSection
EndProject
Project("{8BC9CEB8-8B4A-11D0-8D11-00A0C91BC942}") = "matchpkttest", "matchpkttest\matchpkttest.vcxproj", "{EACE9D83-7444-4E9D-A9DE-3D089E02B3A4}"
	ProjectSection(ProjectDependencies) = postProject
		{F6606B01-EE46-44B3-B199-A8A58B004BD9} = {F6606B01-EE46-44B3-B199-A8A58B004BD9}
		{F9E57E55-B880-46AA-AB2F-9AA68DC71214} = {F9E57E55-B880-46AA-AB2F-9AA68DC71214}
		{0C639590-DE81-4AB4-AA71-6CE6CAB424E4} = {0C639590-DE81-4AB4-AA71-6CE6CAB424E4}
		{E6C145F2-A57F-48D4-8B34-EA8166B984F8} = {E6C145F2-A57F-48D4-8B34-EA8166B984F8}
	EndProjectSection
EndProject
Project("{8BC9CEB8-8B4A-11D0-8D11-00A0C91BC942}") = "becchi_pro", "becchi_pro\becchi_pro.vcxproj", "{92DFD284-88F5-4E8C-A3E1-D5D88F022E9D}"
	ProjectSection(ProjectDependencies) = postProject
		{F6606B01-EE46-44B3-B199-A8A58B004BD9} = {F6606B01-EE46-44B3-B199-A8A58B004BD9}
		{673B9C32-B6AA-4451-80DE-93DF369B64DC} = {673B9C32-B6AA-4451-80DE-93DF369B64DC}
		{0C639590-DE81-4AB4-AA71-6CE6CAB424E4} = {0C639590-DE81-4AB4-AA71-6CE6CAB424E4}
	EndProjectSection
EndProject
Project("{8BC9CEB8-8B4A-11D0-8D11-00A0C91BC942}") = "automaton", "automaton\automaton.vcxproj", "{673B9C32-B6AA-4451-80DE-93DF369B64DC}"
	ProjectSection(ProjectDependencies) = postProject
		{0C639590-DE81-4AB4-AA71-6CE6CAB424E4} = {0C639590-DE81-4AB4-AA71-6CE6CAB424E4}
	EndProjectSection
EndProject
Project("{8BC9CEB8-8B4A-11D0-8D11-00A0C91BC942}") = "compiler", "compiler\compiler.vcxproj", "{F6606B01-EE46-44B3-B199-A8A58B004BD9}"
	ProjectSection(ProjectDependencies) = postProject
		{673B9C32-B6AA-4451-80DE-93DF369B64DC} = {673B9C32-B6AA-4451-80DE-93DF369B64DC}
	EndProjectSection
EndProject
Global
	GlobalSection(SolutionConfigurationPlatforms) = preSolution
		Debug|Win32 = Debug|Win32
		Release|Win32 = Release|Win32
	EndGlobalSection
	GlobalSection(ProjectConfigurationPlatforms) = postSolution
		{0C639590-DE81-4AB4-AA71-6CE6CAB424E4}.Debug|Win32.ActiveCfg = Debug|Win32
		{0C639590-DE81-4AB4-AA71-6CE6CAB424E4}.Debug|Win32.Build.0 = Debug|Win32
		{0C639590-DE81-4AB4-AA71-6CE6CAB424E4}.Release|Win32.ActiveCfg = Release|Win32
		{0C639590-DE81-4AB4-AA71-6CE6CAB424E4}.Release|Win32.Build.0 = Release|Win32
		{E6C145F2-A57F-48D4-8B34-EA8166B984F8}.Debug|Win32.ActiveCfg = Debug|Win32
		{E6C145F2-A57F-48D4-8B34-EA8166B984F8}.Debug|Win32.Build.0 = Debug|Win32
		{E6C145F2-A57F-48D4-8B34-EA8166B984F8}.Release|Win32.ActiveCfg = Release|Win32
		{E6C145F2-A57F-48D4-8B34-EA8166B984F8}.Release|Win32.Build.0 = Release|Win32
		{46B05E98-FC07-4C2A-A5D1-0E80CFFFC04A}.Debug|Win32.ActiveCfg = Debug|Win32
		{46B05E98-FC07-4C2A-A5D1-0E80CFFFC04A}.Debug|Win32.Build.0 = Debug|Win32
		{46B05E98-FC07-4C2A-A5D1-0E80CFFFC04A}.Release|Win32.ActiveCfg = Release|Win32
		{46B05E98-FC07-4C2A-A5D1-0E80CFFFC04A}.Release|Win32.Build.0 = Release|Win32
		{4C67E265-13A7-4F96-BBBC-B885E0DE6576}.Debug|Win32.ActiveCfg = Debug|Win32
		{4C67E265-13A7-4F96-BBBC-B885E0DE6576}.Debug|Win32.Build.0 = Debug|Win32
		{4C67E265-13A7-4F96-BBBC-B885E0DE6576}.Release|Win32.ActiveCfg = Release|Win32
		{4C67E265-13A7-4F96-BBBC-B885E0DE6576}.Release|Win32.Build.0 = Release|Win32
		{F9E57E55-B880-46AA-AB2F-9AA68DC71214}.Debug|Win32.ActiveCfg = Debug|Win32
		{F9E57E55-B880-46AA-AB2F-9AA68DC71214}.Debug|Win32.Build.0 = Debug|Win32
		{F9E57E55-B880-46AA-AB2F-9AA68DC71214}.Release|Win32.ActiveCfg = Release|Win32
		{F9E57E55-B880-46AA-AB2F-9AA68DC71214}.Release|Win32.Build.0 = Release|Win32
		{EACE9D83-7444-4E9D-A9DE-3D089E02B3A4}.Debug|Win32.ActiveCfg = Debug|Win32
		{EACE9D83-7444-4E9D-A9DE-3D089E02B3A4}.Debug|Win32.Build.0 = Debug|Win32
		{EACE9D83-7444-4E9D-A9DE-3D089E02B3A4}.Release|Win32.ActiveCfg = Release|Win32
		{EACE9D83-7444-4E9D-A9DE-3D089E02B3A4}.Release|Win32.Build.0 = Release|Win32
		{92DFD284-88F5-4E8C-A3E1-D5D88F022E9D}.Debug|Win32.ActiveCfg = Debug|Win32
		{92DFD284-88F5-4E8C-A3E1-D5D88F022E9D}.Debug|Win32.Build.0 = Debug|Win32
		{92DFD284-88F5-4E8C-A3E1-D5D88F022E9D}.Release|Win32.ActiveCfg = Release|Win32
		{92DFD284-88F5-4E8C-A3E1-D5D88F022E9D}.Release|Win32.Build.0 = Release|Win32
		{673B9C32-B6AA-4451-80DE-93DF369B64DC}.Debug|Win32.ActiveCfg = Debug|Win32
		{673B9C32-B6AA-4451-80DE-93DF369B64DC}.Debug|Win32.Build.0 = Debug|Win32
		{673B9C32-B6AA-4451-80DE-93DF369B64DC}.Release|Win32.ActiveCfg = Release|Win32
		{673B9C32-B6AA-4451-80DE-93DF369B64DC}.Release|Win32.Build.0 = Release|Win32
		{F6606B01-EE46-44B3-B199-A8A58B004BD9}.Debug|Win32.ActiveCfg = Debug|Win32
		{F6606B01-EE46-44B3-B199-A8A58B004BD9}.Debug|Win32.Build.0 = Debug|Win32
		{F6606B01-EE46-44B3-B199-A8A58B004BD9}.Release|Win32.ActiveCfg = Release|Win32
		{F6606B01-EE46-44B3-B199-A8A58B004BD9}.Release|Win32.Build.0 = Release|Win32
	EndGlobalSection
	GlobalSection(SolutionProperties) = preSolution
		HideSolutionNode = FALSE
	EndGlobalSection
EndGlobal
