<?xml version="1.0" encoding="utf-8"?>
<Project ToolsVersion="4.0" xmlns="http://schemas.microsoft.com/developer/msbuild/2003">
  <ItemGroup>
    <Filter Include="Source Files">
      <UniqueIdentifier>{4FC737F1-C7A5-4376-A066-2A32D752A2FF}</UniqueIdentifier>
      <Extensions>cpp;c;cc;cxx;def;odl;idl;hpj;bat;asm;asmx</Extensions>
    </Filter>
    <Filter Include="Header Files">
      <UniqueIdentifier>{93995380-89BD-4b04-88EB-625FBE52EBFB}</UniqueIdentifier>
      <Extensions>h;hpp;hxx;hm;inl;inc;xsd</Extensions>
    </Filter>
    <Filter Include="Header Files\pcre">
      <UniqueIdentifier>{573580dc-3360-400b-9a38-e8c9fd1a5468}</UniqueIdentifier>
    </Filter>
    <Filter Include="Source Files\pcre">
      <UniqueIdentifier>{0fa25264-7a00-46a0-89d4-218fa6ebbc3c}</UniqueIdentifier>
    </Filter>
  </ItemGroup>
  <ItemGroup>
    <ClInclude Include="stdafx.h">
      <Filter>Header Files</Filter>
    </ClInclude>
    <ClInclude Include="..\include\hwprj\compiler.h">
      <Filter>Header Files</Filter>
    </ClInclude>
    <ClInclude Include="..\include\hwprj\regchain.h">
      <Filter>Header Files</Filter>
    </ClInclude>
    <ClInclude Include="..\include\hwprj\regrule.h">
      <Filter>Header Files</Filter>
    </ClInclude>
    <ClInclude Include="..\include\hwprj\snortrule.h">
      <Filter>Header Files</Filter>
    </ClInclude>
    <ClInclude Include="..\include\hwprj\dfaarray.h">
      <Filter>Header Files</Filter>
    </ClInclude>
    <ClInclude Include="..\include\hwprj\compres.h">
      <Filter>Header Files</Filter>
    </ClInclude>
    <ClInclude Include="ruleoption.h">
      <Filter>Header Files</Filter>
    </ClInclude>
    <ClInclude Include="..\include\hwprj\siddfaids.h">
      <Filter>Header Files</Filter>
    </ClInclude>
    <ClInclude Include="..\include\hwprj\rule2nfa.h">
      <Filter>Header Files</Filter>
    </ClInclude>
    <ClInclude Include="pcre\config.h">
      <Filter>Header Files\pcre</Filter>
    </ClInclude>
    <ClInclude Include="pcre\pcre.h">
      <Filter>Header Files\pcre</Filter>
    </ClInclude>
    <ClInclude Include="pcre\pcre_internal.h">
      <Filter>Header Files\pcre</Filter>
    </ClInclude>
    <ClInclude Include="pcre\pcre_scanner.h">
      <Filter>Header Files\pcre</Filter>
    </ClInclude>
    <ClInclude Include="pcre\pcrecpp.h">
      <Filter>Header Files\pcre</Filter>
    </ClInclude>
    <ClInclude Include="pcre\pcrecpp_internal.h">
      <Filter>Header Files\pcre</Filter>
    </ClInclude>
    <ClInclude Include="pcre\ucp.h">
      <Filter>Header Files\pcre</Filter>
    </ClInclude>
    <ClInclude Include="getsig.h">
      <Filter>Header Files</Filter>
    </ClInclude>
    <ClInclude Include="p2nmain.h">
      <Filter>Header Files</Filter>
    </ClInclude>
    <ClInclude Include="..\include\hwprj\signatures.h">
      <Filter>Header Files</Filter>
    </ClInclude>
  </ItemGroup>
  <ItemGroup>
    <ClCompile Include="stdafx.cpp">
      <Filter>Source Files</Filter>
    </ClCompile>
    <ClCompile Include="compiler.cpp">
      <Filter>Source Files</Filter>
    </ClCompile>
    <ClCompile Include="regchain.cpp">
      <Filter>Source Files</Filter>
    </ClCompile>
    <ClCompile Include="regrule.cpp">
      <Filter>Source Files</Filter>
    </ClCompile>
    <ClCompile Include="snortrule.cpp">
      <Filter>Source Files</Filter>
    </ClCompile>
    <ClCompile Include="ruleoption.cpp">
      <Filter>Source Files</Filter>
    </ClCompile>
    <ClCompile Include="rule2nfa.cpp">
      <Filter>Source Files</Filter>
    </ClCompile>
    <ClCompile Include="dfaarray.cpp">
      <Filter>Source Files</Filter>
    </ClCompile>
    <ClCompile Include="siddfaids.cpp">
      <Filter>Source Files</Filter>
    </ClCompile>
    <ClCompile Include="compres.cpp">
      <Filter>Source Files</Filter>
    </ClCompile>
    <ClCompile Include="pcre\pcre_byte_order.c">
      <Filter>Source Files\pcre</Filter>
    </ClCompile>
    <ClCompile Include="pcre\pcre_chartables.c">
      <Filter>Source Files\pcre</Filter>
    </ClCompile>
    <ClCompile Include="pcre\pcre_compile.c">
      <Filter>Source Files\pcre</Filter>
    </ClCompile>
    <ClCompile Include="pcre\pcre_config.c">
      <Filter>Source Files\pcre</Filter>
    </ClCompile>
    <ClCompile Include="pcre\pcre_dfa_exec.c">
      <Filter>Source Files\pcre</Filter>
    </ClCompile>
    <ClCompile Include="pcre\pcre_exec.c">
      <Filter>Source Files\pcre</Filter>
    </ClCompile>
    <ClCompile Include="pcre\pcre_fullinfo.c">
      <Filter>Source Files\pcre</Filter>
    </ClCompile>
    <ClCompile Include="pcre\pcre_get.c">
      <Filter>Source Files\pcre</Filter>
    </ClCompile>
    <ClCompile Include="pcre\pcre_globals.c">
      <Filter>Source Files\pcre</Filter>
    </ClCompile>
    <ClCompile Include="pcre\pcre_jit_compile.c">
      <Filter>Source Files\pcre</Filter>
    </ClCompile>
    <ClCompile Include="pcre\pcre_maketables.c">
      <Filter>Source Files\pcre</Filter>
    </ClCompile>
    <ClCompile Include="pcre\pcre_newline.c">
      <Filter>Source Files\pcre</Filter>
    </ClCompile>
    <ClCompile Include="pcre\pcre_ord2utf8.c">
      <Filter>Source Files\pcre</Filter>
    </ClCompile>
    <ClCompile Include="pcre\pcre_printint.c">
      <Filter>Source Files\pcre</Filter>
    </ClCompile>
    <ClCompile Include="pcre\pcre_refcount.c">
      <Filter>Source Files\pcre</Filter>
    </ClCompile>
    <ClCompile Include="pcre\pcre_string_utils.c">
      <Filter>Source Files\pcre</Filter>
    </ClCompile>
    <ClCompile Include="pcre\pcre_study.c">
      <Filter>Source Files\pcre</Filter>
    </ClCompile>
    <ClCompile Include="pcre\pcre_tables.c">
      <Filter>Source Files\pcre</Filter>
    </ClCompile>
    <ClCompile Include="pcre\pcre_ucd.c">
      <Filter>Source Files\pcre</Filter>
    </ClCompile>
    <ClCompile Include="pcre\pcre_valid_utf8.c">
      <Filter>Source Files\pcre</Filter>
    </ClCompile>
    <ClCompile Include="pcre\pcre_version.c">
      <Filter>Source Files\pcre</Filter>
    </ClCompile>
    <ClCompile Include="pcre\pcre_xclass.c">
      <Filter>Source Files\pcre</Filter>
    </ClCompile>
    <ClCompile Include="pcre2nfa.cpp">
      <Filter>Source Files</Filter>
    </ClCompile>
    <ClCompile Include="getsig.cpp">
      <Filter>Source Files</Filter>
    </ClCompile>
    <ClCompile Include="p2nmain.cpp">
      <Filter>Source Files</Filter>
    </ClCompile>
    <ClCompile Include="signatures.cpp">
      <Filter>Source Files</Filter>
    </ClCompile>
  </ItemGroup>
  <ItemGroup>
    <None Include="compiler.def" />
  </ItemGroup>
</Project>