<?xml version="1.0" encoding="utf-8"?>
<Project ToolsVersion="4.0" xmlns="http://schemas.microsoft.com/developer/msbuild/2003">
  <ItemGroup>
    <Filter Include="Source Files">
      <UniqueIdentifier>{4FC737F1-C7A5-4376-A066-2A32D752A2FF}</UniqueIdentifier>
      <Extensions>cpp;c;cc;cxx;def;odl;idl;hpj;bat;asm;asmx</Extensions>
    </Filter>
    <Filter Include="Header Files">
      <UniqueIdentifier>{93995380-89BD-4b04-88EB-625FBE52EBFB}</UniqueIdentifier>
      <Extensions>h;hpp;hxx;hm;inl;inc;xsd</Extensions>
    </Filter>
  </ItemGroup>
  <ItemGroup>
    <ClInclude Include="dfa.h">
      <Filter>Header Files</Filter>
    </ClInclude>
    <ClInclude Include="dheap.h">
      <Filter>Header Files</Filter>
    </ClInclude>
    <ClInclude Include="int_set.h">
      <Filter>Header Files</Filter>
    </ClInclude>
    <ClInclude Include="linked_set.h">
      <Filter>Header Files</Filter>
    </ClInclude>
    <ClInclude Include="nfa.h">
      <Filter>Header Files</Filter>
    </ClInclude>
    <ClInclude Include="parser.h">
      <Filter>Header Files</Filter>
    </ClInclude>
    <ClInclude Include="partition.h">
      <Filter>Header Files</Filter>
    </ClInclude>
    <ClInclude Include="stdinc.h">
      <Filter>Header Files</Filter>
    </ClInclude>
    <ClInclude Include="subset.h">
      <Filter>Header Files</Filter>
    </ClInclude>
    <ClInclude Include="wgraph.h">
      <Filter>Header Files</Filter>
    </ClInclude>
  </ItemGroup>
  <ItemGroup>
    <ClCompile Include="dfa.cpp">
      <Filter>Source Files</Filter>
    </ClCompile>
    <ClCompile Include="dheap.cpp">
      <Filter>Source Files</Filter>
    </ClCompile>
    <ClCompile Include="int_set.cpp">
      <Filter>Source Files</Filter>
    </ClCompile>
    <ClCompile Include="linked_set.cpp">
      <Filter>Source Files</Filter>
    </ClCompile>
    <ClCompile Include="nfa.cpp">
      <Filter>Source Files</Filter>
    </ClCompile>
    <ClCompile Include="parser.cpp">
      <Filter>Source Files</Filter>
    </ClCompile>
    <ClCompile Include="partition.cpp">
      <Filter>Source Files</Filter>
    </ClCompile>
    <ClCompile Include="stdinc.cpp">
      <Filter>Source Files</Filter>
    </ClCompile>
    <ClCompile Include="subset.cpp">
      <Filter>Source Files</Filter>
    </ClCompile>
    <ClCompile Include="wgraph.cpp">
      <Filter>Source Files</Filter>
    </ClCompile>
    <ClCompile Include="main.cpp">
      <Filter>Source Files</Filter>
    </ClCompile>
  </ItemGroup>
</Project>